// !$*UTF8*$!
{
	archiveVersion = 1;
	classes = {
	};
	objectVersion = 56;
	objects = {

/* Begin PBXBuildFile section */
		267482602A09144700B65BA2 /* Bai2.swift in Sources */ = {isa = PBXBuildFile; fileRef = 2674825F2A09144700B65BA2 /* Bai2.swift */; };
		26BA17292A08237D00C7DF55 /* AppDelegate.swift in Sources */ = {isa = PBXBuildFile; fileRef = 26BA17282A08237D00C7DF55 /* AppDelegate.swift */; };
		26BA172B2A08237D00C7DF55 /* SceneDelegate.swift in Sources */ = {isa = PBXBuildFile; fileRef = 26BA172A2A08237D00C7DF55 /* SceneDelegate.swift */; };
		26BA172D2A08237D00C7DF55 /* ViewController.swift in Sources */ = {isa = PBXBuildFile; fileRef = 26BA172C2A08237D00C7DF55 /* ViewController.swift */; };
		26BA17302A08237D00C7DF55 /* Main.storyboard in Resources */ = {isa = PBXBuildFile; fileRef = 26BA172E2A08237D00C7DF55 /* Main.storyboard */; };
		26BA17322A08237E00C7DF55 /* Assets.xcassets in Resources */ = {isa = PBXBuildFile; fileRef = 26BA17312A08237E00C7DF55 /* Assets.xcassets */; };
		26BA17352A08237E00C7DF55 /* LaunchScreen.storyboard in Resources */ = {isa = PBXBuildFile; fileRef = 26BA17332A08237E00C7DF55 /* LaunchScreen.storyboard */; };
		26BA17402A08237F00C7DF55 /* baiTapBuoi7Tests.swift in Sources */ = {isa = PBXBuildFile; fileRef = 26BA173F2A08237F00C7DF55 /* baiTapBuoi7Tests.swift */; };
		26BA174A2A08237F00C7DF55 /* baiTapBuoi7UITests.swift in Sources */ = {isa = PBXBuildFile; fileRef = 26BA17492A08237F00C7DF55 /* baiTapBuoi7UITests.swift */; };
		26BA174C2A08237F00C7DF55 /* baiTapBuoi7UITestsLaunchTests.swift in Sources */ = {isa = PBXBuildFile; fileRef = 26BA174B2A08237F00C7DF55 /* baiTapBuoi7UITestsLaunchTests.swift */; };
/* End PBXBuildFile section */

/* Begin PBXContainerItemProxy section */
		26BA173C2A08237F00C7DF55 /* PBXContainerItemProxy */ = {
			isa = PBXContainerItemProxy;
			containerPortal = 26BA171D2A08237D00C7DF55 /* Project object */;
			proxyType = 1;
			remoteGlobalIDString = 26BA17242A08237D00C7DF55;
			remoteInfo = baiTapBuoi7;
		};
		26BA17462A08237F00C7DF55 /* PBXContainerItemProxy */ = {
			isa = PBXContainerItemProxy;
			containerPortal = 26BA171D2A08237D00C7DF55 /* Project object */;
			proxyType = 1;
			remoteGlobalIDString = 26BA17242A08237D00C7DF55;
			remoteInfo = baiTapBuoi7;
		};
/* End PBXContainerItemProxy section */

/* Begin PBXFileReference section */
		2674825F2A09144700B65BA2 /* Bai2.swift */ = {isa = PBXFileReference; lastKnownFileType = sourcecode.swift; path = Bai2.swift; sourceTree = "<group>"; };
		26BA17252A08237D00C7DF55 /* baiTapBuoi7.app */ = {isa = PBXFileReference; explicitFileType = wrapper.application; includeInIndex = 0; path = baiTapBuoi7.app; sourceTree = BUILT_PRODUCTS_DIR; };
		26BA17282A08237D00C7DF55 /* AppDelegate.swift */ = {isa = PBXFileReference; lastKnownFileType = sourcecode.swift; path = AppDelegate.swift; sourceTree = "<group>"; };
		26BA172A2A08237D00C7DF55 /* SceneDelegate.swift */ = {isa = PBXFileReference; lastKnownFileType = sourcecode.swift; path = SceneDelegate.swift; sourceTree = "<group>"; };
		26BA172C2A08237D00C7DF55 /* ViewController.swift */ = {isa = PBXFileReference; lastKnownFileType = sourcecode.swift; path = ViewController.swift; sourceTree = "<group>"; };
		26BA172F2A08237D00C7DF55 /* Base */ = {isa = PBXFileReference; lastKnownFileType = file.storyboard; name = Base; path = Base.lproj/Main.storyboard; sourceTree = "<group>"; };
		26BA17312A08237E00C7DF55 /* Assets.xcassets */ = {isa = PBXFileReference; lastKnownFileType = folder.assetcatalog; path = Assets.xcassets; sourceTree = "<group>"; };
		26BA17342A08237E00C7DF55 /* Base */ = {isa = PBXFileReference; lastKnownFileType = file.storyboard; name = Base; path = Base.lproj/LaunchScreen.storyboard; sourceTree = "<group>"; };
		26BA17362A08237E00C7DF55 /* Info.plist */ = {isa = PBXFileReference; lastKnownFileType = text.plist.xml; path = Info.plist; sourceTree = "<group>"; };
		26BA173B2A08237F00C7DF55 /* baiTapBuoi7Tests.xctest */ = {isa = PBXFileReference; explicitFileType = wrapper.cfbundle; includeInIndex = 0; path = baiTapBuoi7Tests.xctest; sourceTree = BUILT_PRODUCTS_DIR; };
		26BA173F2A08237F00C7DF55 /* baiTapBuoi7Tests.swift */ = {isa = PBXFileReference; lastKnownFileType = sourcecode.swift; path = baiTapBuoi7Tests.swift; sourceTree = "<group>"; };
		26BA17452A08237F00C7DF55 /* baiTapBuoi7UITests.xctest */ = {isa = PBXFileReference; explicitFileType = wrapper.cfbundle; includeInIndex = 0; path = baiTapBuoi7UITests.xctest; sourceTree = BUILT_PRODUCTS_DIR; };
		26BA17492A08237F00C7DF55 /* baiTapBuoi7UITests.swift */ = {isa = PBXFileReference; lastKnownFileType = sourcecode.swift; path = baiTapBuoi7UITests.swift; sourceTree = "<group>"; };
		26BA174B2A08237F00C7DF55 /* baiTapBuoi7UITestsLaunchTests.swift */ = {isa = PBXFileReference; lastKnownFileType = sourcecode.swift; path = baiTapBuoi7UITestsLaunchTests.swift; sourceTree = "<group>"; };
/* End PBXFileReference section */

/* Begin PBXFrameworksBuildPhase section */
		26BA17222A08237D00C7DF55 /* Frameworks */ = {
			isa = PBXFrameworksBuildPhase;
			buildActionMask = 2147483647;
			files = (
			);
			runOnlyForDeploymentPostprocessing = 0;
		};
		26BA17382A08237F00C7DF55 /* Frameworks */ = {
			isa = PBXFrameworksBuildPhase;
			buildActionMask = 2147483647;
			files = (
			);
			runOnlyForDeploymentPostprocessing = 0;
		};
		26BA17422A08237F00C7DF55 /* Frameworks */ = {
			isa = PBXFrameworksBuildPhase;
			buildActionMask = 2147483647;
			files = (
			);
			runOnlyForDeploymentPostprocessing = 0;
		};
/* End PBXFrameworksBuildPhase section */

/* Begin PBXGroup section */
		26BA171C2A08237D00C7DF55 = {
			isa = PBXGroup;
			children = (
				26BA17272A08237D00C7DF55 /* baiTapBuoi7 */,
				26BA173E2A08237F00C7DF55 /* baiTapBuoi7Tests */,
				26BA17482A08237F00C7DF55 /* baiTapBuoi7UITests */,
				26BA17262A08237D00C7DF55 /* Products */,
			);
			sourceTree = "<group>";
		};
		26BA17262A08237D00C7DF55 /* Products */ = {
			isa = PBXGroup;
			children = (
				26BA17252A08237D00C7DF55 /* baiTapBuoi7.app */,
				26BA173B2A08237F00C7DF55 /* baiTapBuoi7Tests.xctest */,
				26BA17452A08237F00C7DF55 /* baiTapBuoi7UITests.xctest */,
			);
			name = Products;
			sourceTree = "<group>";
		};
		26BA17272A08237D00C7DF55 /* baiTapBuoi7 */ = {
			isa = PBXGroup;
			children = (
				26BA17282A08237D00C7DF55 /* AppDelegate.swift */,
				26BA172A2A08237D00C7DF55 /* SceneDelegate.swift */,
				26BA172C2A08237D00C7DF55 /* ViewController.swift */,
				2674825F2A09144700B65BA2 /* Bai2.swift */,
				26BA172E2A08237D00C7DF55 /* Main.storyboard */,
				26BA17312A08237E00C7DF55 /* Assets.xcassets */,
				26BA17332A08237E00C7DF55 /* LaunchScreen.storyboard */,
				26BA17362A08237E00C7DF55 /* Info.plist */,
			);
			path = baiTapBuoi7;
			sourceTree = "<group>";
		};
		26BA173E2A08237F00C7DF55 /* baiTapBuoi7Tests */ = {
			isa = PBXGroup;
			children = (
				26BA173F2A08237F00C7DF55 /* baiTapBuoi7Tests.swift */,
			);
			path = baiTapBuoi7Tests;
			sourceTree = "<group>";
		};
		26BA17482A08237F00C7DF55 /* baiTapBuoi7UITests */ = {
			isa = PBXGroup;
			children = (
				26BA17492A08237F00C7DF55 /* baiTapBuoi7UITests.swift */,
				26BA174B2A08237F00C7DF55 /* baiTapBuoi7UITestsLaunchTests.swift */,
			);
			path = baiTapBuoi7UITests;
			sourceTree = "<group>";
		};
/* End PBXGroup section */

/* Begin PBXNativeTarget section */
		26BA17242A08237D00C7DF55 /* baiTapBuoi7 */ = {
			isa = PBXNativeTarget;
			buildConfigurationList = 26BA174F2A08237F00C7DF55 /* Build configuration list for PBXNativeTarget "baiTapBuoi7" */;
			buildPhases = (
				26BA17212A08237D00C7DF55 /* Sources */,
				26BA17222A08237D00C7DF55 /* Frameworks */,
				26BA17232A08237D00C7DF55 /* Resources */,
			);
			buildRules = (
			);
			dependencies = (
			);
			name = baiTapBuoi7;
			productName = baiTapBuoi7;
			productReference = 26BA17252A08237D00C7DF55 /* baiTapBuoi7.app */;
			productType = "com.apple.product-type.application";
		};
		26BA173A2A08237F00C7DF55 /* baiTapBuoi7Tests */ = {
			isa = PBXNativeTarget;
			buildConfigurationList = 26BA17522A08237F00C7DF55 /* Build configuration list for PBXNativeTarget "baiTapBuoi7Tests" */;
			buildPhases = (
				26BA17372A08237F00C7DF55 /* Sources */,
				26BA17382A08237F00C7DF55 /* Frameworks */,
				26BA17392A08237F00C7DF55 /* Resources */,
			);
			buildRules = (
			);
			dependencies = (
				26BA173D2A08237F00C7DF55 /* PBXTargetDependency */,
			);
			name = baiTapBuoi7Tests;
			productName = baiTapBuoi7Tests;
			productReference = 26BA173B2A08237F00C7DF55 /* baiTapBuoi7Tests.xctest */;
			productType = "com.apple.product-type.bundle.unit-test";
		};
		26BA17442A08237F00C7DF55 /* baiTapBuoi7UITests */ = {
			isa = PBXNativeTarget;
			buildConfigurationList = 26BA17552A08237F00C7DF55 /* Build configuration list for PBXNativeTarget "baiTapBuoi7UITests" */;
			buildPhases = (
				26BA17412A08237F00C7DF55 /* Sources */,
				26BA17422A08237F00C7DF55 /* Frameworks */,
				26BA17432A08237F00C7DF55 /* Resources */,
			);
			buildRules = (
			);
			dependencies = (
				26BA17472A08237F00C7DF55 /* PBXTargetDependency */,
			);
			name = baiTapBuoi7UITests;
			productName = baiTapBuoi7UITests;
			productReference = 26BA17452A08237F00C7DF55 /* baiTapBuoi7UITests.xctest */;
			productType = "com.apple.product-type.bundle.ui-testing";
		};
/* End PBXNativeTarget section */

/* Begin PBXProject section */
		26BA171D2A08237D00C7DF55 /* Project object */ = {
			isa = PBXProject;
			attributes = {
				BuildIndependentTargetsInParallel = 1;
				LastSwiftUpdateCheck = 1430;
				LastUpgradeCheck = 1430;
				TargetAttributes = {
					26BA17242A08237D00C7DF55 = {
						CreatedOnToolsVersion = 14.3;
					};
					26BA173A2A08237F00C7DF55 = {
						CreatedOnToolsVersion = 14.3;
						TestTargetID = 26BA17242A08237D00C7DF55;
					};
					26BA17442A08237F00C7DF55 = {
						CreatedOnToolsVersion = 14.3;
						TestTargetID = 26BA17242A08237D00C7DF55;
					};
				};
			};
			buildConfigurationList = 26BA17202A08237D00C7DF55 /* Build configuration list for PBXProject "baiTapBuoi7" */;
			compatibilityVersion = "Xcode 14.0";
			developmentRegion = en;
			hasScannedForEncodings = 0;
			knownRegions = (
				en,
				Base,
			);
			mainGroup = 26BA171C2A08237D00C7DF55;
			productRefGroup = 26BA17262A08237D00C7DF55 /* Products */;
			projectDirPath = "";
			projectRoot = "";
			targets = (
				26BA17242A08237D00C7DF55 /* baiTapBuoi7 */,
				26BA173A2A08237F00C7DF55 /* baiTapBuoi7Tests */,
				26BA17442A08237F00C7DF55 /* baiTapBuoi7UITests */,
			);
		};
/* End PBXProject section */

/* Begin PBXResourcesBuildPhase section */
		26BA17232A08237D00C7DF55 /* Resources */ = {
			isa = PBXResourcesBuildPhase;
			buildActionMask = 2147483647;
			files = (
				26BA17352A08237E00C7DF55 /* LaunchScreen.storyboard in Resources */,
				26BA17322A08237E00C7DF55 /* Assets.xcassets in Resources */,
				26BA17302A08237D00C7DF55 /* Main.storyboard in Resources */,
			);
			runOnlyForDeploymentPostprocessing = 0;
		};
		26BA17392A08237F00C7DF55 /* Resources */ = {
			isa = PBXResourcesBuildPhase;
			buildActionMask = 2147483647;
			files = (
			);
			runOnlyForDeploymentPostprocessing = 0;
		};
		26BA17432A08237F00C7DF55 /* Resources */ = {
			isa = PBXResourcesBuildPhase;
			buildActionMask = 2147483647;
			files = (
			);
			runOnlyForDeploymentPostprocessing = 0;
		};
/* End PBXResourcesBuildPhase section */

/* Begin PBXSourcesBuildPhase section */
		26BA17212A08237D00C7DF55 /* Sources */ = {
			isa = PBXSourcesBuildPhase;
			buildActionMask = 2147483647;
			files = (
				26BA172D2A08237D00C7DF55 /* ViewController.swift in Sources */,
				26BA17292A08237D00C7DF55 /* AppDelegate.swift in Sources */,
				26BA172B2A08237D00C7DF55 /* SceneDelegate.swift in Sources */,
				267482602A09144700B65BA2 /* Bai2.swift in Sources */,
			);
			runOnlyForDeploymentPostprocessing = 0;
		};
		26BA17372A08237F00C7DF55 /* Sources */ = {
			isa = PBXSourcesBuildPhase;
			buildActionMask = 2147483647;
			files = (
				26BA17402A08237F00C7DF55 /* baiTapBuoi7Tests.swift in Sources */,
			);
			runOnlyForDeploymentPostprocessing = 0;
		};
		26BA17412A08237F00C7DF55 /* Sources */ = {
			isa = PBXSourcesBuildPhase;
			buildActionMask = 2147483647;
			files = (
				26BA174C2A08237F00C7DF55 /* baiTapBuoi7UITestsLaunchTests.swift in Sources */,
				26BA174A2A08237F00C7DF55 /* baiTapBuoi7UITests.swift in Sources */,
			);
			runOnlyForDeploymentPostprocessing = 0;
		};
/* End PBXSourcesBuildPhase section */

/* Begin PBXTargetDependency section */
		26BA173D2A08237F00C7DF55 /* PBXTargetDependency */ = {
			isa = PBXTargetDependency;
			target = 26BA17242A08237D00C7DF55 /* baiTapBuoi7 */;
			targetProxy = 26BA173C2A08237F00C7DF55 /* PBXContainerItemProxy */;
		};
		26BA17472A08237F00C7DF55 /* PBXTargetDependency */ = {
			isa = PBXTargetDependency;
			target = 26BA17242A08237D00C7DF55 /* baiTapBuoi7 */;
			targetProxy = 26BA17462A08237F00C7DF55 /* PBXContainerItemProxy */;
		};
/* End PBXTargetDependency section */

/* Begin PBXVariantGroup section */
		26BA172E2A08237D00C7DF55 /* Main.storyboard */ = {
			isa = PBXVariantGroup;
			children = (
				26BA172F2A08237D00C7DF55 /* Base */,
			);
			name = Main.storyboard;
			sourceTree = "<group>";
		};
		26BA17332A08237E00C7DF55 /* LaunchScreen.storyboard */ = {
			isa = PBXVariantGroup;
			children = (
				26BA17342A08237E00C7DF55 /* Base */,
			);
			name = LaunchScreen.storyboard;
			sourceTree = "<group>";
		};
/* End PBXVariantGroup section */

/* Begin XCBuildConfiguration section */
		26BA174D2A08237F00C7DF55 /* Debug */ = {
			isa = XCBuildConfiguration;
			buildSettings = {
				ALWAYS_SEARCH_USER_PATHS = NO;
				CLANG_ANALYZER_NONNULL = YES;
				CLANG_ANALYZER_NUMBER_OBJECT_CONVERSION = YES_AGGRESSIVE;
				CLANG_CXX_LANGUAGE_STANDARD = "gnu++20";
				CLANG_ENABLE_MODULES = YES;
				CLANG_ENABLE_OBJC_ARC = YES;
				CLANG_ENABLE_OBJC_WEAK = YES;
				CLANG_WARN_BLOCK_CAPTURE_AUTORELEASING = YES;
				CLANG_WARN_BOOL_CONVERSION = YES;
				CLANG_WARN_COMMA = YES;
				CLANG_WARN_CONSTANT_CONVERSION = YES;
				CLANG_WARN_DEPRECATED_OBJC_IMPLEMENTATIONS = YES;
				CLANG_WARN_DIRECT_OBJC_ISA_USAGE = YES_ERROR;
				CLANG_WARN_DOCUMENTATION_COMMENTS = YES;
				CLANG_WARN_EMPTY_BODY = YES;
				CLANG_WARN_ENUM_CONVERSION = YES;
				CLANG_WARN_INFINITE_RECURSION = YES;
				CLANG_WARN_INT_CONVERSION = YES;
				CLANG_WARN_NON_LITERAL_NULL_CONVERSION = YES;
				CLANG_WARN_OBJC_IMPLICIT_RETAIN_SELF = YES;
				CLANG_WARN_OBJC_LITERAL_CONVERSION = YES;
				CLANG_WARN_OBJC_ROOT_CLASS = YES_ERROR;
				CLANG_WARN_QUOTED_INCLUDE_IN_FRAMEWORK_HEADER = YES;
				CLANG_WARN_RANGE_LOOP_ANALYSIS = YES;
				CLANG_WARN_STRICT_PROTOTYPES = YES;
				CLANG_WARN_SUSPICIOUS_MOVE = YES;
				CLANG_WARN_UNGUARDED_AVAILABILITY = YES_AGGRESSIVE;
				CLANG_WARN_UNREACHABLE_CODE = YES;
				CLANG_WARN__DUPLICATE_METHOD_MATCH = YES;
				COPY_PHASE_STRIP = NO;
				DEBUG_INFORMATION_FORMAT = dwarf;
				ENABLE_STRICT_OBJC_MSGSEND = YES;
				ENABLE_TESTABILITY = YES;
				GCC_C_LANGUAGE_STANDARD = gnu11;
				GCC_DYNAMIC_NO_PIC = NO;
				GCC_NO_COMMON_BLOCKS = YES;
				GCC_OPTIMIZATION_LEVEL = 0;
				GCC_PREPROCESSOR_DEFINITIONS = (
					"DEBUG=1",
					"$(inherited)",
				);
				GCC_WARN_64_TO_32_BIT_CONVERSION = YES;
				GCC_WARN_ABOUT_RETURN_TYPE = YES_ERROR;
				GCC_WARN_UNDECLARED_SELECTOR = YES;
				GCC_WARN_UNINITIALIZED_AUTOS = YES_AGGRESSIVE;
				GCC_WARN_UNUSED_FUNCTION = YES;
				GCC_WARN_UNUSED_VARIABLE = YES;
				IPHONEOS_DEPLOYMENT_TARGET = 16.4;
				MTL_ENABLE_DEBUG_INFO = INCLUDE_SOURCE;
				MTL_FAST_MATH = YES;
				ONLY_ACTIVE_ARCH = YES;
				SDKROOT = iphoneos;
				SWIFT_ACTIVE_COMPILATION_CONDITIONS = DEBUG;
				SWIFT_OPTIMIZATION_LEVEL = "-Onone";
			};
			name = Debug;
		};
		26BA174E2A08237F00C7DF55 /* Release */ = {
			isa = XCBuildConfiguration;
			buildSettings = {
				ALWAYS_SEARCH_USER_PATHS = NO;
				CLANG_ANALYZER_NONNULL = YES;
				CLANG_ANALYZER_NUMBER_OBJECT_CONVERSION = YES_AGGRESSIVE;
				CLANG_CXX_LANGUAGE_STANDARD = "gnu++20";
				CLANG_ENABLE_MODULES = YES;
				CLANG_ENABLE_OBJC_ARC = YES;
				CLANG_ENABLE_OBJC_WEAK = YES;
				CLANG_WARN_BLOCK_CAPTURE_AUTORELEASING = YES;
				CLANG_WARN_BOOL_CONVERSION = YES;
				CLANG_WARN_COMMA = YES;
				CLANG_WARN_CONSTANT_CONVERSION = YES;
				CLANG_WARN_DEPRECATED_OBJC_IMPLEMENTATIONS = YES;
				CLANG_WARN_DIRECT_OBJC_ISA_USAGE = YES_ERROR;
				CLANG_WARN_DOCUMENTATION_COMMENTS = YES;
				CLANG_WARN_EMPTY_BODY = YES;
				CLANG_WARN_ENUM_CONVERSION = YES;
				CLANG_WARN_INFINITE_RECURSION = YES;
				CLANG_WARN_INT_CONVERSION = YES;
				CLANG_WARN_NON_LITERAL_NULL_CONVERSION = YES;
				CLANG_WARN_OBJC_IMPLICIT_RETAIN_SELF = YES;
				CLANG_WARN_OBJC_LITERAL_CONVERSION = YES;
				CLANG_WARN_OBJC_ROOT_CLASS = YES_ERROR;
				CLANG_WARN_QUOTED_INCLUDE_IN_FRAMEWORK_HEADER = YES;
				CLANG_WARN_RANGE_LOOP_ANALYSIS = YES;
				CLANG_WARN_STRICT_PROTOTYPES = YES;
				CLANG_WARN_SUSPICIOUS_MOVE = YES;
				CLANG_WARN_UNGUARDED_AVAILABILITY = YES_AGGRESSIVE;
				CLANG_WARN_UNREACHABLE_CODE = YES;
				CLANG_WARN__DUPLICATE_METHOD_MATCH = YES;
				COPY_PHASE_STRIP = NO;
				DEBUG_INFORMATION_FORMAT = "dwarf-with-dsym";
				ENABLE_NS_ASSERTIONS = NO;
				ENABLE_STRICT_OBJC_MSGSEND = YES;
				GCC_C_LANGUAGE_STANDARD = gnu11;
				GCC_NO_COMMON_BLOCKS = YES;
				GCC_WARN_64_TO_32_BIT_CONVERSION = YES;
				GCC_WARN_ABOUT_RETURN_TYPE = YES_ERROR;
				GCC_WARN_UNDECLARED_SELECTOR = YES;
				GCC_WARN_UNINITIALIZED_AUTOS = YES_AGGRESSIVE;
				GCC_WARN_UNUSED_FUNCTION = YES;
				GCC_WARN_UNUSED_VARIABLE = YES;
				IPHONEOS_DEPLOYMENT_TARGET = 16.4;
				MTL_ENABLE_DEBUG_INFO = NO;
				MTL_FAST_MATH = YES;
				SDKROOT = iphoneos;
				SWIFT_COMPILATION_MODE = wholemodule;
				SWIFT_OPTIMIZATION_LEVEL = "-O";
				VALIDATE_PRODUCT = YES;
			};
			name = Release;
		};
		26BA17502A08237F00C7DF55 /* Debug */ = {
			isa = XCBuildConfiguration;
			buildSettings = {
				ASSETCATALOG_COMPILER_APPICON_NAME = AppIcon;
				ASSETCATALOG_COMPILER_GLOBAL_ACCENT_COLOR_NAME = AccentColor;
				CODE_SIGN_STYLE = Automatic;
				CURRENT_PROJECT_VERSION = 1;
				DEVELOPMENT_TEAM = 4MNZ366RKF;
				GENERATE_INFOPLIST_FILE = YES;
				INFOPLIST_FILE = baiTapBuoi7/Info.plist;
				INFOPLIST_KEY_UIApplicationSupportsIndirectInputEvents = YES;
				INFOPLIST_KEY_UILaunchStoryboardName = LaunchScreen;
				INFOPLIST_KEY_UIMainStoryboardFile = Main;
				INFOPLIST_KEY_UISupportedInterfaceOrientations_iPad = "UIInterfaceOrientationPortrait UIInterfaceOrientationPortraitUpsideDown UIInterfaceOrientationLandscapeLeft UIInterfaceOrientationLandscapeRight";
				INFOPLIST_KEY_UISupportedInterfaceOrientations_iPhone = "UIInterfaceOrientationPortrait UIInterfaceOrientationLandscapeLeft UIInterfaceOrientationLandscapeRight";
				IPHONEOS_DEPLOYMENT_TARGET = 15.6;
				LD_RUNPATH_SEARCH_PATHS = (
					"$(inherited)",
					"@executable_path/Frameworks",
				);
				MARKETING_VERSION = 1.0;
				PRODUCT_BUNDLE_IDENTIFIER = Truongduytan.baiTapBuoi7;
				PRODUCT_NAME = "$(TARGET_NAME)";
				SWIFT_EMIT_LOC_STRINGS = YES;
				SWIFT_VERSION = 5.0;
				TARGETED_DEVICE_FAMILY = "1,2";
			};
			name = Debug;
		};
		26BA17512A08237F00C7DF55 /* Release */ = {
			isa = XCBuildConfiguration;
			buildSettings = {
				ASSETCATALOG_COMPILER_APPICON_NAME = AppIcon;
				ASSETCATALOG_COMPILER_GLOBAL_ACCENT_COLOR_NAME = AccentColor;
				CODE_SIGN_STYLE = Automatic;
				CURRENT_PROJECT_VERSION = 1;
				DEVELOPMENT_TEAM = 4MNZ366RKF;
				GENERATE_INFOPLIST_FILE = YES;
				INFOPLIST_FILE = baiTapBuoi7/Info.plist;
				INFOPLIST_KEY_UIApplicationSupportsIndirectInputEvents = YES;
				INFOPLIST_KEY_UILaunchStoryboardName = LaunchScreen;
				INFOPLIST_KEY_UIMainStoryboardFile = Main;
				INFOPLIST_KEY_UISupportedInterfaceOrientations_iPad = "UIInterfaceOrientationPortrait UIInterfaceOrientationPortraitUpsideDown UIInterfaceOrientationLandscapeLeft UIInterfaceOrientationLandscapeRight";
				INFOPLIST_KEY_UISupportedInterfaceOrientations_iPhone = "UIInterfaceOrientationPortrait UIInterfaceOrientationLandscapeLeft UIInterfaceOrientationLandscapeRight";
				IPHONEOS_DEPLOYMENT_TARGET = 15.6;
				LD_RUNPATH_SEARCH_PATHS = (
					"$(inherited)",
					"@executable_path/Frameworks",
				);
				MARKETING_VERSION = 1.0;
				PRODUCT_BUNDLE_IDENTIFIER = Truongduytan.baiTapBuoi7;
				PRODUCT_NAME = "$(TARGET_NAME)";
				SWIFT_EMIT_LOC_STRINGS = YES;
				SWIFT_VERSION = 5.0;
				TARGETED_DEVICE_FAMILY = "1,2";
			};
			name = Release;
		};
		26BA17532A08237F00C7DF55 /* Debug */ = {
			isa = XCBuildConfiguration;
			buildSettings = {
				ALWAYS_EMBED_SWIFT_STANDARD_LIBRARIES = YES;
				BUNDLE_LOADER = "$(TEST_HOST)";
				CODE_SIGN_STYLE = Automatic;
				CURRENT_PROJECT_VERSION = 1;
				GENERATE_INFOPLIST_FILE = YES;
				IPHONEOS_DEPLOYMENT_TARGET = 16.4;
				MARKETING_VERSION = 1.0;
				PRODUCT_BUNDLE_IDENTIFIER = Truongduytan.baiTapBuoi7Tests;
				PRODUCT_NAME = "$(TARGET_NAME)";
				SWIFT_EMIT_LOC_STRINGS = NO;
				SWIFT_VERSION = 5.0;
				TARGETED_DEVICE_FAMILY = "1,2";
				TEST_HOST = "$(BUILT_PRODUCTS_DIR)/baiTapBuoi7.app/$(BUNDLE_EXECUTABLE_FOLDER_PATH)/baiTapBuoi7";
			};
			name = Debug;
		};
		26BA17542A08237F00C7DF55 /* Release */ = {
			isa = XCBuildConfiguration;
			buildSettings = {
				ALWAYS_EMBED_SWIFT_STANDARD_LIBRARIES = YES;
				BUNDLE_LOADER = "$(TEST_HOST)";
				CODE_SIGN_STYLE = Automatic;
				CURRENT_PROJECT_VERSION = 1;
				GENERATE_INFOPLIST_FILE = YES;
				IPHONEOS_DEPLOYMENT_TARGET = 16.4;
				MARKETING_VERSION = 1.0;
				PRODUCT_BUNDLE_IDENTIFIER = Truongduytan.baiTapBuoi7Tests;
				PRODUCT_NAME = "$(TARGET_NAME)";
				SWIFT_EMIT_LOC_STRINGS = NO;
				SWIFT_VERSION = 5.0;
				TARGETED_DEVICE_FAMILY = "1,2";
				TEST_HOST = "$(BUILT_PRODUCTS_DIR)/baiTapBuoi7.app/$(BUNDLE_EXECUTABLE_FOLDER_PATH)/baiTapBuoi7";
			};
			name = Release;
		};
		26BA17562A08237F00C7DF55 /* Debug */ = {
			isa = XCBuildConfiguration;
			buildSettings = {
				ALWAYS_EMBED_SWIFT_STANDARD_LIBRARIES = YES;
				CODE_SIGN_STYLE = Automatic;
				CURRENT_PROJECT_VERSION = 1;
				GENERATE_INFOPLIST_FILE = YES;
				MARKETING_VERSION = 1.0;
				PRODUCT_BUNDLE_IDENTIFIER = Truongduytan.baiTapBuoi7UITests;
				PRODUCT_NAME = "$(TARGET_NAME)";
				SWIFT_EMIT_LOC_STRINGS = NO;
				SWIFT_VERSION = 5.0;
				TARGETED_DEVICE_FAMILY = "1,2";
				TEST_TARGET_NAME = baiTapBuoi7;
			};
			name = Debug;
		};
		26BA17572A08237F00C7DF55 /* Release */ = {
			isa = XCBuildConfiguration;
			buildSettings = {
				ALWAYS_EMBED_SWIFT_STANDARD_LIBRARIES = YES;
				CODE_SIGN_STYLE = Automatic;
				CURRENT_PROJECT_VERSION = 1;
				GENERATE_INFOPLIST_FILE = YES;
				MARKETING_VERSION = 1.0;
				PRODUCT_BUNDLE_IDENTIFIER = Truongduytan.baiTapBuoi7UITests;
				PRODUCT_NAME = "$(TARGET_NAME)";
				SWIFT_EMIT_LOC_STRINGS = NO;
				SWIFT_VERSION = 5.0;
				TARGETED_DEVICE_FAMILY = "1,2";
				TEST_TARGET_NAME = baiTapBuoi7;
			};
			name = Release;
		};
/* End XCBuildConfiguration section */

/* Begin XCConfigurationList section */
		26BA17202A08237D00C7DF55 /* Build configuration list for PBXProject "baiTapBuoi7" */ = {
			isa = XCConfigurationList;
			buildConfigurations = (
				26BA174D2A08237F00C7DF55 /* Debug */,
				26BA174E2A08237F00C7DF55 /* Release */,
			);
			defaultConfigurationIsVisible = 0;
			defaultConfigurationName = Release;
		};
		26BA174F2A08237F00C7DF55 /* Build configuration list for PBXNativeTarget "baiTapBuoi7" */ = {
			isa = XCConfigurationList;
			buildConfigurations = (
				26BA17502A08237F00C7DF55 /* Debug */,
				26BA17512A08237F00C7DF55 /* Release */,
			);
			defaultConfigurationIsVisible = 0;
			defaultConfigurationName = Release;
		};
		26BA17522A08237F00C7DF55 /* Build configuration list for PBXNativeTarget "baiTapBuoi7Tests" */ = {
			isa = XCConfigurationList;
			buildConfigurations = (
				26BA17532A08237F00C7DF55 /* Debug */,
				26BA17542A08237F00C7DF55 /* Release */,
			);
			defaultConfigurationIsVisible = 0;
			defaultConfigurationName = Release;
		};
		26BA17552A08237F00C7DF55 /* Build configuration list for PBXNativeTarget "baiTapBuoi7UITests" */ = {
			isa = XCConfigurationList;
			buildConfigurations = (
				26BA17562A08237F00C7DF55 /* Debug */,
				26BA17572A08237F00C7DF55 /* Release */,
			);
			defaultConfigurationIsVisible = 0;
			defaultConfigurationName = Release;
		};
/* End XCConfigurationList section */
	};
	rootObject = 26BA171D2A08237D00C7DF55 /* Project object */;
}
